{
  "name": "delft-hub",
  "version": "1.0.0",
  "lockfileVersion": 1,
  "requires": true,
  "dependencies": {
    "binpack": {
      "version": "0.1.0",
      "resolved": "https://registry.npmjs.org/binpack/-/binpack-0.1.0.tgz",
      "integrity": "sha1-vT0JdMPyoERuF99PYLVacqIFqX4="
    },
    "bplist-parser": {
      "version": "0.0.6",
      "resolved": "https://registry.npmjs.org/bplist-parser/-/bplist-parser-0.0.6.tgz",
      "integrity": "sha1-ONo0cYF9+dRKs4kuJ3B7u9daEbk=",
      "optional": true
    },
    "debug": {
      "version": "2.2.0",
      "resolved": "https://registry.npmjs.org/debug/-/debug-2.2.0.tgz",
      "integrity": "sha1-+HBX6ZWxofauaklgZkE3vFbwOdo=",
      "requires": {
        "ms": "0.7.1"
      }
    },
    "jspack": {
      "version": "0.0.4",
      "resolved": "https://registry.npmjs.org/jspack/-/jspack-0.0.4.tgz",
      "integrity": "sha1-Mt01x/3LPjRWwY+7fvntC8YjgXc="
    },
    "ms": {
      "version": "0.7.1",
      "resolved": "https://registry.npmjs.org/ms/-/ms-0.7.1.tgz",
      "integrity": "sha1-nNE8A62/8ltl7/3nzoZO6VIBcJg="
    },
    "nan": {
      "version": "2.8.0",
      "resolved": "https://registry.npmjs.org/nan/-/nan-2.8.0.tgz",
      "integrity": "sha1-7XFfP+neArV6XmJS2QqWZ14fCFo=",
      "optional": true
    },
    "noble": {
      "version": "git://github.com/jacobrosenthal/noble.git#3468683b9725b8711d31939350945ecbde036073",
      "requires": {
        "bplist-parser": "0.0.6",
        "debug": "2.2.0",
        "xpc-connection": "0.1.4"
      }
    },
    "node-osc": {
      "version": "2.1.0",
      "resolved": "https://registry.npmjs.org/node-osc/-/node-osc-2.1.0.tgz",
      "integrity": "sha1-23FPmM+aXIQ17pnceAZSi3gjoZA=",
      "requires": {
        "jspack": "0.0.4",
        "osc-min": "1.1.1",
        "semver": "5.4.1"
      }
    },
    "osc-min": {
      "version": "1.1.1",
      "resolved": "https://registry.npmjs.org/osc-min/-/osc-min-1.1.1.tgz",
      "integrity": "sha1-hYBEOjq7AvcyVPWihjQNy+PPPwc=",
      "requires": {
        "binpack": "0.1.0"
      }
    },
    "rapidlib": {
      "version": "1.0.7",
      "resolved": "https://registry.npmjs.org/rapidlib/-/rapidlib-1.0.7.tgz",
      "integrity": "sha1-i6cQJXDreacJrTeDUPTcaJPtxFg="
    },
    "semver": {
      "version": "5.4.1",
      "resolved": "https://registry.npmjs.org/semver/-/semver-5.4.1.tgz",
      "integrity": "sha512-WfG/X9+oATh81XtllIo/I8gOiY9EXRdv1cQdyykeXK17YcUW3EXUAi2To4pcH6nZtJPr7ZOpM5OMyWJZm+8Rsg=="
    },
    "xpc-connection": {
      "version": "0.1.4",
      "resolved": "https://registry.npmjs.org/xpc-connection/-/xpc-connection-0.1.4.tgz",
      "integrity": "sha1-3Nf6oq7Gt6bhjMXdrQQvejTHcVY=",
      "optional": true,
      "requires": {
        "nan": "2.8.0"
      }
    }
  }
}
